
Microsoft Visual Studio Solution File, Format Version 12.00
# Visual Studio 15
VisualStudioVersion = 15.0.28307.329
MinimumVisualStudioVersion = 10.0.40219.1
Project("{8BC9CEB8-8B4A-11D0-8D11-00A0C91BC942}") = "cs2123p3", "cs2123p3\cs2123p3.vcxproj", "{6A2B53B6-5497-4736-8FF1-C4BA75CA030B}"
EndProject
Global
	GlobalSection(SolutionConfigurationPlatforms) = preSolution
		Debug|x64 = Debug|x64
		Debug|x86 = Debug|x86
		Release|x64 = Release|x64
		Release|x86 = Release|x86
	EndGlobalSection
	GlobalSection(ProjectConfigurationPlatforms) = postSolution
		{6A2B53B6-5497-4736-8FF1-C4BA75CA030B}.Debug|x64.ActiveCfg = Debug|x64
		{6A2B53B6-5497-4736-8FF1-C4BA75CA030B}.Debug|x64.Build.0 = Debug|x64
		{6A2B53B6-5497-4736-8FF1-C4BA75CA030B}.Debug|x86.ActiveCfg = Debug|Win32
		{6A2B53B6-5497-4736-8FF1-C4BA75CA030B}.Debug|x86.Build.0 = Debug|Win32
		{6A2B53B6-5497-4736-8FF1-C4BA75CA030B}.Release|x64.ActiveCfg = Release|x64
		{6A2B53B6-5497-4736-8FF1-C4BA75CA030B}.Release|x64.Build.0 = Release|x64
		{6A2B53B6-5497-4736-8FF1-C4BA75CA030B}.Release|x86.ActiveCfg = Release|Win32
		{6A2B53B6-5497-4736-8FF1-C4BA75CA030B}.Release|x86.Build.0 = Release|Win32
	EndGlobalSection
	GlobalSection(SolutionProperties) = preSolution
		HideSolutionNode = FALSE
	EndGlobalSection
	GlobalSection(ExtensibilityGlobals) = postSolution
		SolutionGuid = {9ADA4306-301F-4247-975A-2800B6697FB4}
	EndGlobalSection
EndGlobal
